
Microsoft Visual Studio Solution File, Format Version 12.00
# Visual Studio Version 16
VisualStudioVersion = 16.0.32106.194
MinimumVisualStudioVersion = 10.0.40219.1
Project("{FAE04EC0-301F-11D3-BF4B-00C04F79EFBC}") = "AdvanceAddressBookADO.Net", "AdvanceAddressBookADO.Net.csproj", "{07D7EB75-58B4-461B-974E-39E0C4C47B1B}"
EndProject
Project("{FAE04EC0-301F-11D3-BF4B-00C04F79EFBC}") = "AddressBookTests", "..\AddressBookTests\AddressBookTests.csproj", "{BA9917F2-3489-48B4-B3E4-449CA4CC9E97}"
EndProject
Global
	GlobalSection(SolutionConfigurationPlatforms) = preSolution
		Debug|Any CPU = Debug|Any CPU
		Release|Any CPU = Release|Any CPU
	EndGlobalSection
	GlobalSection(ProjectConfigurationPlatforms) = postSolution
		{07D7EB75-58B4-461B-974E-39E0C4C47B1B}.Debug|Any CPU.ActiveCfg = Debug|Any CPU
		{07D7EB75-58B4-461B-974E-39E0C4C47B1B}.Debug|Any CPU.Build.0 = Debug|Any CPU
		{07D7EB75-58B4-461B-974E-39E0C4C47B1B}.Release|Any CPU.ActiveCfg = Release|Any CPU
		{07D7EB75-58B4-461B-974E-39E0C4C47B1B}.Release|Any CPU.Build.0 = Release|Any CPU
		{BA9917F2-3489-48B4-B3E4-449CA4CC9E97}.Debug|Any CPU.ActiveCfg = Debug|Any CPU
		{BA9917F2-3489-48B4-B3E4-449CA4CC9E97}.Debug|Any CPU.Build.0 = Debug|Any CPU
		{BA9917F2-3489-48B4-B3E4-449CA4CC9E97}.Release|Any CPU.ActiveCfg = Release|Any CPU
		{BA9917F2-3489-48B4-B3E4-449CA4CC9E97}.Release|Any CPU.Build.0 = Release|Any CPU
	EndGlobalSection
	GlobalSection(SolutionProperties) = preSolution
		HideSolutionNode = FALSE
	EndGlobalSection
	GlobalSection(ExtensibilityGlobals) = postSolution
		SolutionGuid = {F7576DC3-B130-4F64-A7A4-0C6BFC5F269B}
	EndGlobalSection
EndGlobal
